
Microsoft Visual Studio Solution File, Format Version 12.00
# Visual Studio Version 16
VisualStudioVersion = 16.0.32228.343
MinimumVisualStudioVersion = 10.0.40219.1
Project("{8BC9CEB8-8B4A-11D0-8D11-00A0C91BC942}") = "Cheat Driver", "Cheat Driver.vcxproj", "{A6577777-B76A-4FCD-B672-8BC8DD9D6165}"
EndProject
Global
	GlobalSection(SolutionConfigurationPlatforms) = preSolution
		Debug|ARM = Debug|ARM
		Debug|ARM64 = Debug|ARM64
		Debug|x64 = Debug|x64
		Debug|x86 = Debug|x86
		Release|ARM = Release|ARM
		Release|ARM64 = Release|ARM64
		Release|x64 = Release|x64
		Release|x86 = Release|x86
	EndGlobalSection
	GlobalSection(ProjectConfigurationPlatforms) = postSolution
		{A6577777-B76A-4FCD-B672-8BC8DD9D6165}.Debug|ARM.ActiveCfg = Debug|ARM
		{A6577777-B76A-4FCD-B672-8BC8DD9D6165}.Debug|ARM.Build.0 = Debug|ARM
		{A6577777-B76A-4FCD-B672-8BC8DD9D6165}.Debug|ARM.Deploy.0 = Debug|ARM
		{A6577777-B76A-4FCD-B672-8BC8DD9D6165}.Debug|ARM64.ActiveCfg = Debug|ARM64
		{A6577777-B76A-4FCD-B672-8BC8DD9D6165}.Debug|ARM64.Build.0 = Debug|ARM64
		{A6577777-B76A-4FCD-B672-8BC8DD9D6165}.Debug|ARM64.Deploy.0 = Debug|ARM64
		{A6577777-B76A-4FCD-B672-8BC8DD9D6165}.Debug|x64.ActiveCfg = Debug|x64
		{A6577777-B76A-4FCD-B672-8BC8DD9D6165}.Debug|x64.Build.0 = Debug|x64
		{A6577777-B76A-4FCD-B672-8BC8DD9D6165}.Debug|x64.Deploy.0 = Debug|x64
		{A6577777-B76A-4FCD-B672-8BC8DD9D6165}.Debug|x86.ActiveCfg = Debug|Win32
		{A6577777-B76A-4FCD-B672-8BC8DD9D6165}.Debug|x86.Build.0 = Debug|Win32
		{A6577777-B76A-4FCD-B672-8BC8DD9D6165}.Debug|x86.Deploy.0 = Debug|Win32
		{A6577777-B76A-4FCD-B672-8BC8DD9D6165}.Release|ARM.ActiveCfg = Release|ARM
		{A6577777-B76A-4FCD-B672-8BC8DD9D6165}.Release|ARM.Build.0 = Release|ARM
		{A6577777-B76A-4FCD-B672-8BC8DD9D6165}.Release|ARM.Deploy.0 = Release|ARM
		{A6577777-B76A-4FCD-B672-8BC8DD9D6165}.Release|ARM64.ActiveCfg = Release|ARM64
		{A6577777-B76A-4FCD-B672-8BC8DD9D6165}.Release|ARM64.Build.0 = Release|ARM64
		{A6577777-B76A-4FCD-B672-8BC8DD9D6165}.Release|ARM64.Deploy.0 = Release|ARM64
		{A6577777-B76A-4FCD-B672-8BC8DD9D6165}.Release|x64.ActiveCfg = Release|x64
		{A6577777-B76A-4FCD-B672-8BC8DD9D6165}.Release|x64.Build.0 = Release|x64
		{A6577777-B76A-4FCD-B672-8BC8DD9D6165}.Release|x64.Deploy.0 = Release|x64
		{A6577777-B76A-4FCD-B672-8BC8DD9D6165}.Release|x86.ActiveCfg = Release|Win32
		{A6577777-B76A-4FCD-B672-8BC8DD9D6165}.Release|x86.Build.0 = Release|Win32
		{A6577777-B76A-4FCD-B672-8BC8DD9D6165}.Release|x86.Deploy.0 = Release|Win32
	EndGlobalSection
	GlobalSection(SolutionProperties) = preSolution
		HideSolutionNode = FALSE
	EndGlobalSection
	GlobalSection(ExtensibilityGlobals) = postSolution
		SolutionGuid = {7B1C978A-5DA8-4488-A191-881D7001FAD5}
	EndGlobalSection
EndGlobal
